
Microsoft Visual Studio Solution File, Format Version 12.00
# Visual Studio 2012
Project("{FAE04EC0-301F-11D3-BF4B-00C04F79EFBC}") = "CompteConnect", "CompteConnect\CompteConnect.csproj", "{53198EAF-1247-4926-B816-B41BE4F3E43E}"
EndProject
Project("{FAE04EC0-301F-11D3-BF4B-00C04F79EFBC}") = "Test", "Test\Test.csproj", "{286978E1-6476-4D9A-811A-7058063F00BD}"
EndProject
Global
	GlobalSection(SolutionConfigurationPlatforms) = preSolution
		Debug|Any CPU = Debug|Any CPU
		Release|Any CPU = Release|Any CPU
	EndGlobalSection
	GlobalSection(ProjectConfigurationPlatforms) = postSolution
		{53198EAF-1247-4926-B816-B41BE4F3E43E}.Debug|Any CPU.ActiveCfg = Debug|Any CPU
		{53198EAF-1247-4926-B816-B41BE4F3E43E}.Debug|Any CPU.Build.0 = Debug|Any CPU
		{53198EAF-1247-4926-B816-B41BE4F3E43E}.Release|Any CPU.ActiveCfg = Release|Any CPU
		{53198EAF-1247-4926-B816-B41BE4F3E43E}.Release|Any CPU.Build.0 = Release|Any CPU
		{286978E1-6476-4D9A-811A-7058063F00BD}.Debug|Any CPU.ActiveCfg = Debug|Any CPU
		{286978E1-6476-4D9A-811A-7058063F00BD}.Debug|Any CPU.Build.0 = Debug|Any CPU
		{286978E1-6476-4D9A-811A-7058063F00BD}.Release|Any CPU.ActiveCfg = Release|Any CPU
		{286978E1-6476-4D9A-811A-7058063F00BD}.Release|Any CPU.Build.0 = Release|Any CPU
	EndGlobalSection
	GlobalSection(SolutionProperties) = preSolution
		HideSolutionNode = FALSE
	EndGlobalSection
EndGlobal
